
Microsoft Visual Studio Solution File, Format Version 12.00
# Visual Studio Version 17
VisualStudioVersion = 17.2.32616.157
MinimumVisualStudioVersion = 10.0.40219.1
Project("{FAE04EC0-301F-11D3-BF4B-00C04F79EFBC}") = "Lab19App1", "Lab19App1\Lab19App1.csproj", "{7DF3D9AC-89B5-46EC-B82F-71AE1F2934AF}"
EndProject
Project("{FAE04EC0-301F-11D3-BF4B-00C04F79EFBC}") = "Lab19_2App1", "Lab17_2App1\Lab19_2App1.csproj", "{610EFE50-06BE-45B5-A54D-6FA6A9E7F2F1}"
EndProject
Global
	GlobalSection(SolutionConfigurationPlatforms) = preSolution
		Debug|Any CPU = Debug|Any CPU
		Release|Any CPU = Release|Any CPU
	EndGlobalSection
	GlobalSection(ProjectConfigurationPlatforms) = postSolution
		{7DF3D9AC-89B5-46EC-B82F-71AE1F2934AF}.Debug|Any CPU.ActiveCfg = Debug|Any CPU
		{7DF3D9AC-89B5-46EC-B82F-71AE1F2934AF}.Debug|Any CPU.Build.0 = Debug|Any CPU
		{7DF3D9AC-89B5-46EC-B82F-71AE1F2934AF}.Release|Any CPU.ActiveCfg = Release|Any CPU
		{7DF3D9AC-89B5-46EC-B82F-71AE1F2934AF}.Release|Any CPU.Build.0 = Release|Any CPU
		{610EFE50-06BE-45B5-A54D-6FA6A9E7F2F1}.Debug|Any CPU.ActiveCfg = Debug|Any CPU
		{610EFE50-06BE-45B5-A54D-6FA6A9E7F2F1}.Debug|Any CPU.Build.0 = Debug|Any CPU
		{610EFE50-06BE-45B5-A54D-6FA6A9E7F2F1}.Release|Any CPU.ActiveCfg = Release|Any CPU
		{610EFE50-06BE-45B5-A54D-6FA6A9E7F2F1}.Release|Any CPU.Build.0 = Release|Any CPU
	EndGlobalSection
	GlobalSection(SolutionProperties) = preSolution
		HideSolutionNode = FALSE
	EndGlobalSection
	GlobalSection(ExtensibilityGlobals) = postSolution
		SolutionGuid = {04869938-AA95-415A-81A5-15A91577C47F}
	EndGlobalSection
EndGlobal
